// !$*UTF8*$!
{
	archiveVersion = 1;
	classes = {
	};
	objectVersion = 46;
	objects = {

/* Begin PBXBuildFile section */
		559D1E9F19FC74A40000DB6D /* AppDelegate.swift in Sources */ = {isa = PBXBuildFile; fileRef = 559D1E9E19FC74A40000DB6D /* AppDelegate.swift */; };
		559D1EA119FC74A40000DB6D /* ViewController.swift in Sources */ = {isa = PBXBuildFile; fileRef = 559D1EA019FC74A40000DB6D /* ViewController.swift */; };
		559D1EA419FC74A40000DB6D /* Main.storyboard in Resources */ = {isa = PBXBuildFile; fileRef = 559D1EA219FC74A40000DB6D /* Main.storyboard */; };
		559D1EA619FC74A40000DB6D /* Images.xcassets in Resources */ = {isa = PBXBuildFile; fileRef = 559D1EA519FC74A40000DB6D /* Images.xcassets */; };
		559D1EA919FC74A40000DB6D /* LaunchScreen.xib in Resources */ = {isa = PBXBuildFile; fileRef = 559D1EA719FC74A40000DB6D /* LaunchScreen.xib */; };
		559D1EB519FC74A50000DB6D /* StormyTests.swift in Sources */ = {isa = PBXBuildFile; fileRef = 559D1EB419FC74A50000DB6D /* StormyTests.swift */; };
/* End PBXBuildFile section */

/* Begin PBXContainerItemProxy section */
		559D1EAF19FC74A50000DB6D /* PBXContainerItemProxy */ = {
			isa = PBXContainerItemProxy;
			containerPortal = 559D1E9119FC74A40000DB6D /* Project object */;
			proxyType = 1;
			remoteGlobalIDString = 559D1E9819FC74A40000DB6D;
			remoteInfo = Stormy;
		};
/* End PBXContainerItemProxy section */

/* Begin PBXFileReference section */
		559D1E9919FC74A40000DB6D /* Stormy.app */ = {isa = PBXFileReference; explicitFileType = wrapper.application; includeInIndex = 0; path = Stormy.app; sourceTree = BUILT_PRODUCTS_DIR; };
		559D1E9D19FC74A40000DB6D /* Info.plist */ = {isa = PBXFileReference; lastKnownFileType = text.plist.xml; path = Info.plist; sourceTree = "<group>"; };
		559D1E9E19FC74A40000DB6D /* AppDelegate.swift */ = {isa = PBXFileReference; lastKnownFileType = sourcecode.swift; path = AppDelegate.swift; sourceTree = "<group>"; };
		559D1EA019FC74A40000DB6D /* ViewController.swift */ = {isa = PBXFileReference; lastKnownFileType = sourcecode.swift; path = ViewController.swift; sourceTree = "<group>"; };
		559D1EA319FC74A40000DB6D /* Base */ = {isa = PBXFileReference; lastKnownFileType = file.storyboard; name = Base; path = Base.lproj/Main.storyboard; sourceTree = "<group>"; };
		559D1EA519FC74A40000DB6D /* Images.xcassets */ = {isa = PBXFileReference; lastKnownFileType = folder.assetcatalog; path = Images.xcassets; sourceTree = "<group>"; };
		559D1EA819FC74A40000DB6D /* Base */ = {isa = PBXFileReference; lastKnownFileType = file.xib; name = Base; path = Base.lproj/LaunchScreen.xib; sourceTree = "<group>"; };
		559D1EAE19FC74A50000DB6D /* StormyTests.xctest */ = {isa = PBXFileReference; explicitFileType = wrapper.cfbundle; includeInIndex = 0; path = StormyTests.xctest; sourceTree = BUILT_PRODUCTS_DIR; };
		559D1EB319FC74A50000DB6D /* Info.plist */ = {isa = PBXFileReference; lastKnownFileType = text.plist.xml; path = Info.plist; sourceTree = "<group>"; };
		559D1EB419FC74A50000DB6D /* StormyTests.swift */ = {isa = PBXFileReference; lastKnownFileType = sourcecode.swift; path = StormyTests.swift; sourceTree = "<group>"; };
/* End PBXFileReference section */

/* Begin PBXFrameworksBuildPhase section */
		559D1E9619FC74A40000DB6D /* Frameworks */ = {
			isa = PBXFrameworksBuildPhase;
			buildActionMask = 2147483647;
			files = (
			);
			runOnlyForDeploymentPostprocessing = 0;
		};
		559D1EAB19FC74A50000DB6D /* Frameworks */ = {
			isa = PBXFrameworksBuildPhase;
			buildActionMask = 2147483647;
			files = (
			);
			runOnlyForDeploymentPostprocessing = 0;
		};
/* End PBXFrameworksBuildPhase section */

/* Begin PBXGroup section */
		559D1E9019FC74A40000DB6D = {
			isa = PBXGroup;
			children = (
				559D1E9B19FC74A40000DB6D /* Stormy */,
				559D1EB119FC74A50000DB6D /* StormyTests */,
				559D1E9A19FC74A40000DB6D /* Products */,
			);
			sourceTree = "<group>";
		};
		559D1E9A19FC74A40000DB6D /* Products */ = {
			isa = PBXGroup;
			children = (
				559D1E9919FC74A40000DB6D /* Stormy.app */,
				559D1EAE19FC74A50000DB6D /* StormyTests.xctest */,
			);
			name = Products;
			sourceTree = "<group>";
		};
		559D1E9B19FC74A40000DB6D /* Stormy */ = {
			isa = PBXGroup;
			children = (
				559D1E9E19FC74A40000DB6D /* AppDelegate.swift */,
				559D1EA019FC74A40000DB6D /* ViewController.swift */,
				559D1EA219FC74A40000DB6D /* Main.storyboard */,
				559D1EA519FC74A40000DB6D /* Images.xcassets */,
				559D1EA719FC74A40000DB6D /* LaunchScreen.xib */,
				559D1E9C19FC74A40000DB6D /* Supporting Files */,
			);
			path = Stormy;
			sourceTree = "<group>";
		};
		559D1E9C19FC74A40000DB6D /* Supporting Files */ = {
			isa = PBXGroup;
			children = (
				559D1E9D19FC74A40000DB6D /* Info.plist */,
			);
			name = "Supporting Files";
			sourceTree = "<group>";
		};
		559D1EB119FC74A50000DB6D /* StormyTests */ = {
			isa = PBXGroup;
			children = (
				559D1EB419FC74A50000DB6D /* StormyTests.swift */,
				559D1EB219FC74A50000DB6D /* Supporting Files */,
			);
			path = StormyTests;
			sourceTree = "<group>";
		};
		559D1EB219FC74A50000DB6D /* Supporting Files */ = {
			isa = PBXGroup;
			children = (
				559D1EB319FC74A50000DB6D /* Info.plist */,
			);
			name = "Supporting Files";
			sourceTree = "<group>";
		};
/* End PBXGroup section */

/* Begin PBXNativeTarget section */
		559D1E9819FC74A40000DB6D /* Stormy */ = {
			isa = PBXNativeTarget;
			buildConfigurationList = 559D1EB819FC74A50000DB6D /* Build configuration list for PBXNativeTarget "Stormy" */;
			buildPhases = (
				559D1E9519FC74A40000DB6D /* Sources */,
				559D1E9619FC74A40000DB6D /* Frameworks */,
				559D1E9719FC74A40000DB6D /* Resources */,
			);
			buildRules = (
			);
			dependencies = (
			);
			name = Stormy;
			productName = Stormy;
			productReference = 559D1E9919FC74A40000DB6D /* Stormy.app */;
			productType = "com.apple.product-type.application";
		};
		559D1EAD19FC74A50000DB6D /* StormyTests */ = {
			isa = PBXNativeTarget;
			buildConfigurationList = 559D1EBB19FC74A50000DB6D /* Build configuration list for PBXNativeTarget "StormyTests" */;
			buildPhases = (
				559D1EAA19FC74A50000DB6D /* Sources */,
				559D1EAB19FC74A50000DB6D /* Frameworks */,
				559D1EAC19FC74A50000DB6D /* Resources */,
			);
			buildRules = (
			);
			dependencies = (
				559D1EB019FC74A50000DB6D /* PBXTargetDependency */,
			);
			name = StormyTests;
			productName = StormyTests;
			productReference = 559D1EAE19FC74A50000DB6D /* StormyTests.xctest */;
			productType = "com.apple.product-type.bundle.unit-test";
		};
/* End PBXNativeTarget section */

/* Begin PBXProject section */
		559D1E9119FC74A40000DB6D /* Project object */ = {
			isa = PBXProject;
			attributes = {
				LastUpgradeCheck = 0610;
				ORGANIZATIONNAME = "Eric Pan";
				TargetAttributes = {
					559D1E9819FC74A40000DB6D = {
						CreatedOnToolsVersion = 6.1;
					};
					559D1EAD19FC74A50000DB6D = {
						CreatedOnToolsVersion = 6.1;
						TestTargetID = 559D1E9819FC74A40000DB6D;
					};
				};
			};
			buildConfigurationList = 559D1E9419FC74A40000DB6D /* Build configuration list for PBXProject "Stormy" */;
			compatibilityVersion = "Xcode 3.2";
			developmentRegion = English;
			hasScannedForEncodings = 0;
			knownRegions = (
				en,
				Base,
			);
			mainGroup = 559D1E9019FC74A40000DB6D;
			productRefGroup = 559D1E9A19FC74A40000DB6D /* Products */;
			projectDirPath = "";
			projectRoot = "";
			targets = (
				559D1E9819FC74A40000DB6D /* Stormy */,
				559D1EAD19FC74A50000DB6D /* StormyTests */,
			);
		};
/* End PBXProject section */

/* Begin PBXResourcesBuildPhase section */
		559D1E9719FC74A40000DB6D /* Resources */ = {
			isa = PBXResourcesBuildPhase;
			buildActionMask = 2147483647;
			files = (
				559D1EA419FC74A40000DB6D /* Main.storyboard in Resources */,
				559D1EA919FC74A40000DB6D /* LaunchScreen.xib in Resources */,
				559D1EA619FC74A40000DB6D /* Images.xcassets in Resources */,
			);
			runOnlyForDeploymentPostprocessing = 0;
		};
		559D1EAC19FC74A50000DB6D /* Resources */ = {
			isa = PBXResourcesBuildPhase;
			buildActionMask = 2147483647;
			files = (
			);
			runOnlyForDeploymentPostprocessing = 0;
		};
/* End PBXResourcesBuildPhase section */

/* Begin PBXSourcesBuildPhase section */
		559D1E9519FC74A40000DB6D /* Sources */ = {
			isa = PBXSourcesBuildPhase;
			buildActionMask = 2147483647;
			files = (
				559D1EA119FC74A40000DB6D /* ViewController.swift in Sources */,
				559D1E9F19FC74A40000DB6D /* AppDelegate.swift in Sources */,
			);
			runOnlyForDeploymentPostprocessing = 0;
		};
		559D1EAA19FC74A50000DB6D /* Sources */ = {
			isa = PBXSourcesBuildPhase;
			buildActionMask = 2147483647;
			files = (
				559D1EB519FC74A50000DB6D /* StormyTests.swift in Sources */,
			);
			runOnlyForDeploymentPostprocessing = 0;
		};
/* End PBXSourcesBuildPhase section */

/* Begin PBXTargetDependency section */
		559D1EB019FC74A50000DB6D /* PBXTargetDependency */ = {
			isa = PBXTargetDependency;
			target = 559D1E9819FC74A40000DB6D /* Stormy */;
			targetProxy = 559D1EAF19FC74A50000DB6D /* PBXContainerItemProxy */;
		};
/* End PBXTargetDependency section */

/* Begin PBXVariantGroup section */
		559D1EA219FC74A40000DB6D /* Main.storyboard */ = {
			isa = PBXVariantGroup;
			children = (
				559D1EA319FC74A40000DB6D /* Base */,
			);
			name = Main.storyboard;
			sourceTree = "<group>";
		};
		559D1EA719FC74A40000DB6D /* LaunchScreen.xib */ = {
			isa = PBXVariantGroup;
			children = (
				559D1EA819FC74A40000DB6D /* Base */,
			);
			name = LaunchScreen.xib;
			sourceTree = "<group>";
		};
/* End PBXVariantGroup section */

/* Begin XCBuildConfiguration section */
		559D1EB619FC74A50000DB6D /* Debug */ = {
			isa = XCBuildConfiguration;
			buildSettings = {
				ALWAYS_SEARCH_USER_PATHS = NO;
				CLANG_CXX_LANGUAGE_STANDARD = "gnu++0x";
				CLANG_CXX_LIBRARY = "libc++";
				CLANG_ENABLE_MODULES = YES;
				CLANG_ENABLE_OBJC_ARC = YES;
				CLANG_WARN_BOOL_CONVERSION = YES;
				CLANG_WARN_CONSTANT_CONVERSION = YES;
				CLANG_WARN_DIRECT_OBJC_ISA_USAGE = YES_ERROR;
				CLANG_WARN_EMPTY_BODY = YES;
				CLANG_WARN_ENUM_CONVERSION = YES;
				CLANG_WARN_INT_CONVERSION = YES;
				CLANG_WARN_OBJC_ROOT_CLASS = YES_ERROR;
				CLANG_WARN_UNREACHABLE_CODE = YES;
				CLANG_WARN__DUPLICATE_METHOD_MATCH = YES;
				"CODE_SIGN_IDENTITY[sdk=iphoneos*]" = "iPhone Developer";
				COPY_PHASE_STRIP = NO;
				ENABLE_STRICT_OBJC_MSGSEND = YES;
				GCC_C_LANGUAGE_STANDARD = gnu99;
				GCC_DYNAMIC_NO_PIC = NO;
				GCC_OPTIMIZATION_LEVEL = 0;
				GCC_PREPROCESSOR_DEFINITIONS = (
					"DEBUG=1",
					"$(inherited)",
				);
				GCC_SYMBOLS_PRIVATE_EXTERN = NO;
				GCC_WARN_64_TO_32_BIT_CONVERSION = YES;
				GCC_WARN_ABOUT_RETURN_TYPE = YES_ERROR;
				GCC_WARN_UNDECLARED_SELECTOR = YES;
				GCC_WARN_UNINITIALIZED_AUTOS = YES_AGGRESSIVE;
				GCC_WARN_UNUSED_FUNCTION = YES;
				GCC_WARN_UNUSED_VARIABLE = YES;
				IPHONEOS_DEPLOYMENT_TARGET = 8.1;
				MTL_ENABLE_DEBUG_INFO = YES;
				ONLY_ACTIVE_ARCH = YES;
				SDKROOT = iphoneos;
				SWIFT_OPTIMIZATION_LEVEL = "-Onone";
			};
			name = Debug;
		};
		559D1EB719FC74A50000DB6D /* Release */ = {
			isa = XCBuildConfiguration;
			buildSettings = {
				ALWAYS_SEARCH_USER_PATHS = NO;
				CLANG_CXX_LANGUAGE_STANDARD = "gnu++0x";
				CLANG_CXX_LIBRARY = "libc++";
				CLANG_ENABLE_MODULES = YES;
				CLANG_ENABLE_OBJC_ARC = YES;
				CLANG_WARN_BOOL_CONVERSION = YES;
				CLANG_WARN_CONSTANT_CONVERSION = YES;
				CLANG_WARN_DIRECT_OBJC_ISA_USAGE = YES_ERROR;
				CLANG_WARN_EMPTY_BODY = YES;
				CLANG_WARN_ENUM_CONVERSION = YES;
				CLANG_WARN_INT_CONVERSION = YES;
				CLANG_WARN_OBJC_ROOT_CLASS = YES_ERROR;
				CLANG_WARN_UNREACHABLE_CODE = YES;
				CLANG_WARN__DUPLICATE_METHOD_MATCH = YES;
				"CODE_SIGN_IDENTITY[sdk=iphoneos*]" = "iPhone Developer";
				COPY_PHASE_STRIP = YES;
				ENABLE_NS_ASSERTIONS = NO;
				ENABLE_STRICT_OBJC_MSGSEND = YES;
				GCC_C_LANGUAGE_STANDARD = gnu99;
				GCC_WARN_64_TO_32_BIT_CONVERSION = YES;
				GCC_WARN_ABOUT_RETURN_TYPE = YES_ERROR;
				GCC_WARN_UNDECLARED_SELECTOR = YES;
				GCC_WARN_UNINITIALIZED_AUTOS = YES_AGGRESSIVE;
				GCC_WARN_UNUSED_FUNCTION = YES;
				GCC_WARN_UNUSED_VARIABLE = YES;
				IPHONEOS_DEPLOYMENT_TARGET = 8.1;
				MTL_ENABLE_DEBUG_INFO = NO;
				SDKROOT = iphoneos;
				VALIDATE_PRODUCT = YES;
			};
			name = Release;
		};
		559D1EB919FC74A50000DB6D /* Debug */ = {
			isa = XCBuildConfiguration;
			buildSettings = {
				ASSETCATALOG_COMPILER_APPICON_NAME = AppIcon;
				INFOPLIST_FILE = Stormy/Info.plist;
				LD_RUNPATH_SEARCH_PATHS = "$(inherited) @executable_path/Frameworks";
				PRODUCT_NAME = "$(TARGET_NAME)";
			};
			name = Debug;
		};
		559D1EBA19FC74A50000DB6D /* Release */ = {
			isa = XCBuildConfiguration;
			buildSettings = {
				ASSETCATALOG_COMPILER_APPICON_NAME = AppIcon;
				INFOPLIST_FILE = Stormy/Info.plist;
				LD_RUNPATH_SEARCH_PATHS = "$(inherited) @executable_path/Frameworks";
				PRODUCT_NAME = "$(TARGET_NAME)";
			};
			name = Release;
		};
		559D1EBC19FC74A50000DB6D /* Debug */ = {
			isa = XCBuildConfiguration;
			buildSettings = {
				BUNDLE_LOADER = "$(TEST_HOST)";
				FRAMEWORK_SEARCH_PATHS = (
					"$(SDKROOT)/Developer/Library/Frameworks",
					"$(inherited)",
				);
				GCC_PREPROCESSOR_DEFINITIONS = (
					"DEBUG=1",
					"$(inherited)",
				);
				INFOPLIST_FILE = StormyTests/Info.plist;
				LD_RUNPATH_SEARCH_PATHS = "$(inherited) @executable_path/Frameworks @loader_path/Frameworks";
				PRODUCT_NAME = "$(TARGET_NAME)";
				TEST_HOST = "$(BUILT_PRODUCTS_DIR)/Stormy.app/Stormy";
			};
			name = Debug;
		};
		559D1EBD19FC74A50000DB6D /* Release */ = {
			isa = XCBuildConfiguration;
			buildSettings = {
				BUNDLE_LOADER = "$(TEST_HOST)";
				FRAMEWORK_SEARCH_PATHS = (
					"$(SDKROOT)/Developer/Library/Frameworks",
					"$(inherited)",
				);
				INFOPLIST_FILE = StormyTests/Info.plist;
				LD_RUNPATH_SEARCH_PATHS = "$(inherited) @executable_path/Frameworks @loader_path/Frameworks";
				PRODUCT_NAME = "$(TARGET_NAME)";
				TEST_HOST = "$(BUILT_PRODUCTS_DIR)/Stormy.app/Stormy";
			};
			name = Release;
		};
/* End XCBuildConfiguration section */

/* Begin XCConfigurationList section */
		559D1E9419FC74A40000DB6D /* Build configuration list for PBXProject "Stormy" */ = {
			isa = XCConfigurationList;
			buildConfigurations = (
				559D1EB619FC74A50000DB6D /* Debug */,
				559D1EB719FC74A50000DB6D /* Release */,
			);
			defaultConfigurationIsVisible = 0;
			defaultConfigurationName = Release;
		};
		559D1EB819FC74A50000DB6D /* Build configuration list for PBXNativeTarget "Stormy" */ = {
			isa = XCConfigurationList;
			buildConfigurations = (
				559D1EB919FC74A50000DB6D /* Debug */,
				559D1EBA19FC74A50000DB6D /* Release */,
			);
			defaultConfigurationIsVisible = 0;
		};
		559D1EBB19FC74A50000DB6D /* Build configuration list for PBXNativeTarget "StormyTests" */ = {
			isa = XCConfigurationList;
			buildConfigurations = (
				559D1EBC19FC74A50000DB6D /* Debug */,
				559D1EBD19FC74A50000DB6D /* Release */,
			);
			defaultConfigurationIsVisible = 0;
		};
/* End XCConfigurationList section */
	};
	rootObject = 559D1E9119FC74A40000DB6D /* Project object */;
}
